
Microsoft Visual Studio Solution File, Format Version 12.00
# Visual Studio Version 16
VisualStudioVersion = 16.0.28922.388
MinimumVisualStudioVersion = 10.0.40219.1
Project("{2150E333-8FDC-42A3-9474-1A3956D46DE8}") = "AdvancedControls", "AdvancedControls", "{A687A406-44CF-4C71-8AF3-B86F1B4CD134}"
EndProject
Project("{2150E333-8FDC-42A3-9474-1A3956D46DE8}") = "Animation", "Animation", "{C17F749E-217D-48CE-8C42-F9A1A3EB2250}"
EndProject
Project("{2150E333-8FDC-42A3-9474-1A3956D46DE8}") = "Animation", "Animation", "{4FA79626-1C3E-4456-8CEA-6192E3CD2414}"
EndProject
Project("{2150E333-8FDC-42A3-9474-1A3956D46DE8}") = "AsynchronousDemo", "AsynchronousDemo", "{30A5144C-82F4-4ED0-B6E3-50A7675261D0}"
EndProject
Project("{2150E333-8FDC-42A3-9474-1A3956D46DE8}") = "Controls", "Controls", "{E8C80EFD-7F01-4C0B-8C30-7F1FF3749299}"
EndProject
Project("{2150E333-8FDC-42A3-9474-1A3956D46DE8}") = "DataBinding", "DataBinding", "{CFAE851F-E682-4A0F-9C89-42F890184CFE}"
EndProject
Project("{2150E333-8FDC-42A3-9474-1A3956D46DE8}") = "INPC", "INPC", "{7F1A367C-E3EF-4446-9266-A2E57D142145}"
EndProject
Project("{2150E333-8FDC-42A3-9474-1A3956D46DE8}") = "Exercises_Work", "Exercises_Work", "{E63B73F7-8BEA-4F28-88ED-CC1A71ADD2F7}"
EndProject
Project("{2150E333-8FDC-42A3-9474-1A3956D46DE8}") = "Panels", "Panels", "{0357D472-1351-40F5-996F-2AB721A3DD67}"
EndProject
Project("{2150E333-8FDC-42A3-9474-1A3956D46DE8}") = "StylesAndTemplates", "StylesAndTemplates", "{B3F5187B-F13C-46B6-AD6A-419D9882D2A8}"
EndProject
Project("{2150E333-8FDC-42A3-9474-1A3956D46DE8}") = "EnterpriseXAMLFromScratch", "EnterpriseXAMLFromScratch", "{81301E57-76B0-4F36-9E6B-40D4D2178DAA}"
EndProject
Project("{FAE04EC0-301F-11D3-BF4B-00C04F79EFBC}") = "DataGrid", "AdvancedControls\DataGrid\DataGrid\DataGrid.csproj", "{E9D06D23-1048-4006-B0AF-DE2E7C848D1F}"
EndProject
Project("{FAE04EC0-301F-11D3-BF4B-00C04F79EFBC}") = "MenuDemo", "AdvancedControls\MenuDemo\MenuDemo\MenuDemo.csproj", "{DB2F1F8E-1A46-4FF8-A12A-5223DF13EA5B}"
EndProject
Project("{FAE04EC0-301F-11D3-BF4B-00C04F79EFBC}") = "StatusBar", "AdvancedControls\StatusBar\StatusBar\StatusBar.csproj", "{2480E87D-FAF6-47A1-A3A9-06A3AE84BC93}"
EndProject
Project("{FAE04EC0-301F-11D3-BF4B-00C04F79EFBC}") = "TabControl", "AdvancedControls\TabControl\TabControl\TabControl.csproj", "{2EDF5A1A-97C0-4DFB-A9F1-EF901478405C}"
EndProject
Project("{FAE04EC0-301F-11D3-BF4B-00C04F79EFBC}") = "TreeView", "AdvancedControls\TreeView\TreeView\TreeView.csproj", "{E58C4F27-17EC-4183-9B29-1ECD75E34D70}"
EndProject
Project("{FAE04EC0-301F-11D3-BF4B-00C04F79EFBC}") = "Animation1", "Animation\Animation\Animation1\Animation1\Animation1.csproj", "{310B7D8B-3A69-4D3C-A8FA-0AA98DAF1931}"
EndProject
Project("{FAE04EC0-301F-11D3-BF4B-00C04F79EFBC}") = "Animation2", "Animation\Animation\Animation2\Animation2\Animation2.csproj", "{9F7656B2-40F4-42B7-849D-10AC8AFFC59D}"
EndProject
Project("{FAE04EC0-301F-11D3-BF4B-00C04F79EFBC}") = "Animation", "Animation\Animation\Simplest_Animation\Animation\Animation.csproj", "{E7149343-1930-4AD1-AFB3-5A237B444DAC}"
EndProject
Project("{FAE04EC0-301F-11D3-BF4B-00C04F79EFBC}") = "AnimationWithBlend", "Animation\AnimationWithBlend\AnimationWithBlend\AnimationWithBlend.csproj", "{24CFEFE9-DFAB-4B91-8595-EA898152B5A0}"
EndProject
Project("{FAE04EC0-301F-11D3-BF4B-00C04F79EFBC}") = "Brushes", "Animation\Brushes\Brushes\Brushes.csproj", "{0A0BB691-6971-4EE5-AACD-9FCC142CFB48}"
EndProject
Project("{FAE04EC0-301F-11D3-BF4B-00C04F79EFBC}") = "Shapes", "Animation\Shapes\Shapes\Shapes.csproj", "{C1441546-7427-4781-A7AE-DBC88EDA4358}"
EndProject
Project("{FAE04EC0-301F-11D3-BF4B-00C04F79EFBC}") = "AsynchronousDemo", "AsynchronousDemo\AsynchronousDemo\AsynchronousDemo\AsynchronousDemo.csproj", "{5AEF741C-C354-4C4F-8366-A43521A91281}"
EndProject
Project("{FAE04EC0-301F-11D3-BF4B-00C04F79EFBC}") = "SimpleForm", "Controls\SimpleForm\SimpleForm\SimpleForm.csproj", "{9320962B-FF0D-4E6D-9E31-BF225D3AB2CE}"
EndProject
Project("{FAE04EC0-301F-11D3-BF4B-00C04F79EFBC}") = "DataBindingLists", "DataBinding\DataBindingLists\DataBindingLists\DataBindingLists\DataBindingLists.csproj", "{EE100AC5-4241-4ADA-BEBB-630C4AD663D5}"
EndProject
Project("{FAE04EC0-301F-11D3-BF4B-00C04F79EFBC}") = "DataBindingOneWay", "DataBinding\DataBindingOneWay\DataBindingOneWay\DataBindingOneWay.csproj", "{0C2F3CA6-9527-4473-9D85-56CBC065DF1C}"
EndProject
Project("{FAE04EC0-301F-11D3-BF4B-00C04F79EFBC}") = "DataBindingTwoWay", "DataBinding\DataBindingTwoWay\DataBindingTwoWay\DataBindingTwoWay.csproj", "{3E3F9D90-9DC7-42E0-BF49-C4DFCD579FC5}"
EndProject
Project("{FAE04EC0-301F-11D3-BF4B-00C04F79EFBC}") = "DataConverterDemo", "DataBinding\DataConverterDemo\DataConverterDemo\DataConverterDemo.csproj", "{C71CE222-BCA0-46C3-973C-5835627EE628}"
EndProject
Project("{FAE04EC0-301F-11D3-BF4B-00C04F79EFBC}") = "ElementBindingDemo", "DataBinding\ElementBindingDemo\ElementBindingDemo\ElementBindingDemo\ElementBindingDemo.csproj", "{6BE6AEA0-D559-4F43-BD34-3A74C582098F}"
EndProject
Project("{FAE04EC0-301F-11D3-BF4B-00C04F79EFBC}") = "DataBindingOneWay", "DataBinding\INPC\DataBindingOneWay\DataBindingOneWay\DataBindingOneWay.csproj", "{EDB556BD-8079-43C5-A434-66DFCF4A98D3}"
EndProject
Project("{FAE04EC0-301F-11D3-BF4B-00C04F79EFBC}") = "DataGrid", "Exercises_Work\DataGrid\DataGrid\DataGrid.csproj", "{4EEA7458-CCD4-4011-8000-BFAAE0A37095}"
EndProject
Project("{FAE04EC0-301F-11D3-BF4B-00C04F79EFBC}") = "LayoutWithCanvas", "Panels\LayoutWithCanvas\LayoutWithCanvas\LayoutWithCanvas.csproj", "{54CE70D7-8DA8-4C41-B0F5-4C6AF09F69CE}"
EndProject
Project("{FAE04EC0-301F-11D3-BF4B-00C04F79EFBC}") = "LayoutWithDockPanel", "Panels\LayoutWithDockPanel\LayoutWithDockPanel\LayoutWithDockPanel.csproj", "{E43645D6-50EF-488F-96E3-46044E4E709F}"
EndProject
Project("{FAE04EC0-301F-11D3-BF4B-00C04F79EFBC}") = "LayoutWithGrids", "Panels\LayoutWithGrids\LayoutWithGrids\LayoutWithGrids.csproj", "{323BB542-925D-454F-9699-496D22D2D19F}"
EndProject
Project("{FAE04EC0-301F-11D3-BF4B-00C04F79EFBC}") = "LayoutWithStackPanel", "Panels\LayoutWithStackPanel\LayoutWithStackPanel\LayoutWithStackPanel.csproj", "{C15EB8A0-FF20-4D0F-86E6-EAF5FD4C71CB}"
EndProject
Project("{FAE04EC0-301F-11D3-BF4B-00C04F79EFBC}") = "LayoutWithWrapPanel", "Panels\LayoutWithWrapPanel\LayoutWithWrapPanel\LayoutWithWrapPanel.csproj", "{600541B3-9040-4D7F-AEBE-9363CE35DDB8}"
EndProject
Project("{FAE04EC0-301F-11D3-BF4B-00C04F79EFBC}") = "Styles", "StylesAndTemplates\Styles\Styles\Styles.csproj", "{7BA1F217-E1EE-4272-B9F5-3DB0710E1C7F}"
EndProject
Project("{FAE04EC0-301F-11D3-BF4B-00C04F79EFBC}") = "TemplatedButton", "StylesAndTemplates\TemplatedButton\TemplatedButton\TemplatedButton.csproj", "{A0947C99-D0BE-40A3-BE8D-DC3468578045}"
EndProject
Project("{FAE04EC0-301F-11D3-BF4B-00C04F79EFBC}") = "HelloWPF", "HelloWPF\HelloWPF\HelloWPF.csproj", "{3A6BC386-9289-4F73-A3CC-E3614519243C}"
EndProject
Global
	GlobalSection(SolutionConfigurationPlatforms) = preSolution
		Debug|Any CPU = Debug|Any CPU
		Release|Any CPU = Release|Any CPU
	EndGlobalSection
	GlobalSection(ProjectConfigurationPlatforms) = postSolution
		{E9D06D23-1048-4006-B0AF-DE2E7C848D1F}.Debug|Any CPU.ActiveCfg = Debug|Any CPU
		{E9D06D23-1048-4006-B0AF-DE2E7C848D1F}.Debug|Any CPU.Build.0 = Debug|Any CPU
		{E9D06D23-1048-4006-B0AF-DE2E7C848D1F}.Release|Any CPU.ActiveCfg = Release|Any CPU
		{E9D06D23-1048-4006-B0AF-DE2E7C848D1F}.Release|Any CPU.Build.0 = Release|Any CPU
		{DB2F1F8E-1A46-4FF8-A12A-5223DF13EA5B}.Debug|Any CPU.ActiveCfg = Debug|Any CPU
		{DB2F1F8E-1A46-4FF8-A12A-5223DF13EA5B}.Debug|Any CPU.Build.0 = Debug|Any CPU
		{DB2F1F8E-1A46-4FF8-A12A-5223DF13EA5B}.Release|Any CPU.ActiveCfg = Release|Any CPU
		{DB2F1F8E-1A46-4FF8-A12A-5223DF13EA5B}.Release|Any CPU.Build.0 = Release|Any CPU
		{2480E87D-FAF6-47A1-A3A9-06A3AE84BC93}.Debug|Any CPU.ActiveCfg = Debug|Any CPU
		{2480E87D-FAF6-47A1-A3A9-06A3AE84BC93}.Debug|Any CPU.Build.0 = Debug|Any CPU
		{2480E87D-FAF6-47A1-A3A9-06A3AE84BC93}.Release|Any CPU.ActiveCfg = Release|Any CPU
		{2480E87D-FAF6-47A1-A3A9-06A3AE84BC93}.Release|Any CPU.Build.0 = Release|Any CPU
		{2EDF5A1A-97C0-4DFB-A9F1-EF901478405C}.Debug|Any CPU.ActiveCfg = Debug|Any CPU
		{2EDF5A1A-97C0-4DFB-A9F1-EF901478405C}.Debug|Any CPU.Build.0 = Debug|Any CPU
		{2EDF5A1A-97C0-4DFB-A9F1-EF901478405C}.Release|Any CPU.ActiveCfg = Release|Any CPU
		{2EDF5A1A-97C0-4DFB-A9F1-EF901478405C}.Release|Any CPU.Build.0 = Release|Any CPU
		{E58C4F27-17EC-4183-9B29-1ECD75E34D70}.Debug|Any CPU.ActiveCfg = Debug|Any CPU
		{E58C4F27-17EC-4183-9B29-1ECD75E34D70}.Debug|Any CPU.Build.0 = Debug|Any CPU
		{E58C4F27-17EC-4183-9B29-1ECD75E34D70}.Release|Any CPU.ActiveCfg = Release|Any CPU
		{E58C4F27-17EC-4183-9B29-1ECD75E34D70}.Release|Any CPU.Build.0 = Release|Any CPU
		{310B7D8B-3A69-4D3C-A8FA-0AA98DAF1931}.Debug|Any CPU.ActiveCfg = Debug|Any CPU
		{310B7D8B-3A69-4D3C-A8FA-0AA98DAF1931}.Debug|Any CPU.Build.0 = Debug|Any CPU
		{310B7D8B-3A69-4D3C-A8FA-0AA98DAF1931}.Release|Any CPU.ActiveCfg = Release|Any CPU
		{310B7D8B-3A69-4D3C-A8FA-0AA98DAF1931}.Release|Any CPU.Build.0 = Release|Any CPU
		{9F7656B2-40F4-42B7-849D-10AC8AFFC59D}.Debug|Any CPU.ActiveCfg = Debug|Any CPU
		{9F7656B2-40F4-42B7-849D-10AC8AFFC59D}.Debug|Any CPU.Build.0 = Debug|Any CPU
		{9F7656B2-40F4-42B7-849D-10AC8AFFC59D}.Release|Any CPU.ActiveCfg = Release|Any CPU
		{9F7656B2-40F4-42B7-849D-10AC8AFFC59D}.Release|Any CPU.Build.0 = Release|Any CPU
		{E7149343-1930-4AD1-AFB3-5A237B444DAC}.Debug|Any CPU.ActiveCfg = Debug|Any CPU
		{E7149343-1930-4AD1-AFB3-5A237B444DAC}.Debug|Any CPU.Build.0 = Debug|Any CPU
		{E7149343-1930-4AD1-AFB3-5A237B444DAC}.Release|Any CPU.ActiveCfg = Release|Any CPU
		{E7149343-1930-4AD1-AFB3-5A237B444DAC}.Release|Any CPU.Build.0 = Release|Any CPU
		{24CFEFE9-DFAB-4B91-8595-EA898152B5A0}.Debug|Any CPU.ActiveCfg = Debug|Any CPU
		{24CFEFE9-DFAB-4B91-8595-EA898152B5A0}.Debug|Any CPU.Build.0 = Debug|Any CPU
		{24CFEFE9-DFAB-4B91-8595-EA898152B5A0}.Release|Any CPU.ActiveCfg = Release|Any CPU
		{24CFEFE9-DFAB-4B91-8595-EA898152B5A0}.Release|Any CPU.Build.0 = Release|Any CPU
		{0A0BB691-6971-4EE5-AACD-9FCC142CFB48}.Debug|Any CPU.ActiveCfg = Debug|Any CPU
		{0A0BB691-6971-4EE5-AACD-9FCC142CFB48}.Debug|Any CPU.Build.0 = Debug|Any CPU
		{0A0BB691-6971-4EE5-AACD-9FCC142CFB48}.Release|Any CPU.ActiveCfg = Release|Any CPU
		{0A0BB691-6971-4EE5-AACD-9FCC142CFB48}.Release|Any CPU.Build.0 = Release|Any CPU
		{C1441546-7427-4781-A7AE-DBC88EDA4358}.Debug|Any CPU.ActiveCfg = Debug|Any CPU
		{C1441546-7427-4781-A7AE-DBC88EDA4358}.Debug|Any CPU.Build.0 = Debug|Any CPU
		{C1441546-7427-4781-A7AE-DBC88EDA4358}.Release|Any CPU.ActiveCfg = Release|Any CPU
		{C1441546-7427-4781-A7AE-DBC88EDA4358}.Release|Any CPU.Build.0 = Release|Any CPU
		{5AEF741C-C354-4C4F-8366-A43521A91281}.Debug|Any CPU.ActiveCfg = Debug|Any CPU
		{5AEF741C-C354-4C4F-8366-A43521A91281}.Debug|Any CPU.Build.0 = Debug|Any CPU
		{5AEF741C-C354-4C4F-8366-A43521A91281}.Release|Any CPU.ActiveCfg = Release|Any CPU
		{5AEF741C-C354-4C4F-8366-A43521A91281}.Release|Any CPU.Build.0 = Release|Any CPU
		{9320962B-FF0D-4E6D-9E31-BF225D3AB2CE}.Debug|Any CPU.ActiveCfg = Debug|Any CPU
		{9320962B-FF0D-4E6D-9E31-BF225D3AB2CE}.Debug|Any CPU.Build.0 = Debug|Any CPU
		{9320962B-FF0D-4E6D-9E31-BF225D3AB2CE}.Release|Any CPU.ActiveCfg = Release|Any CPU
		{9320962B-FF0D-4E6D-9E31-BF225D3AB2CE}.Release|Any CPU.Build.0 = Release|Any CPU
		{EE100AC5-4241-4ADA-BEBB-630C4AD663D5}.Debug|Any CPU.ActiveCfg = Debug|Any CPU
		{EE100AC5-4241-4ADA-BEBB-630C4AD663D5}.Debug|Any CPU.Build.0 = Debug|Any CPU
		{EE100AC5-4241-4ADA-BEBB-630C4AD663D5}.Release|Any CPU.ActiveCfg = Release|Any CPU
		{EE100AC5-4241-4ADA-BEBB-630C4AD663D5}.Release|Any CPU.Build.0 = Release|Any CPU
		{0C2F3CA6-9527-4473-9D85-56CBC065DF1C}.Debug|Any CPU.ActiveCfg = Debug|Any CPU
		{0C2F3CA6-9527-4473-9D85-56CBC065DF1C}.Debug|Any CPU.Build.0 = Debug|Any CPU
		{0C2F3CA6-9527-4473-9D85-56CBC065DF1C}.Release|Any CPU.ActiveCfg = Release|Any CPU
		{0C2F3CA6-9527-4473-9D85-56CBC065DF1C}.Release|Any CPU.Build.0 = Release|Any CPU
		{3E3F9D90-9DC7-42E0-BF49-C4DFCD579FC5}.Debug|Any CPU.ActiveCfg = Debug|Any CPU
		{3E3F9D90-9DC7-42E0-BF49-C4DFCD579FC5}.Debug|Any CPU.Build.0 = Debug|Any CPU
		{3E3F9D90-9DC7-42E0-BF49-C4DFCD579FC5}.Release|Any CPU.ActiveCfg = Release|Any CPU
		{3E3F9D90-9DC7-42E0-BF49-C4DFCD579FC5}.Release|Any CPU.Build.0 = Release|Any CPU
		{C71CE222-BCA0-46C3-973C-5835627EE628}.Debug|Any CPU.ActiveCfg = Debug|Any CPU
		{C71CE222-BCA0-46C3-973C-5835627EE628}.Debug|Any CPU.Build.0 = Debug|Any CPU
		{C71CE222-BCA0-46C3-973C-5835627EE628}.Release|Any CPU.ActiveCfg = Release|Any CPU
		{C71CE222-BCA0-46C3-973C-5835627EE628}.Release|Any CPU.Build.0 = Release|Any CPU
		{6BE6AEA0-D559-4F43-BD34-3A74C582098F}.Debug|Any CPU.ActiveCfg = Debug|Any CPU
		{6BE6AEA0-D559-4F43-BD34-3A74C582098F}.Debug|Any CPU.Build.0 = Debug|Any CPU
		{6BE6AEA0-D559-4F43-BD34-3A74C582098F}.Release|Any CPU.ActiveCfg = Release|Any CPU
		{6BE6AEA0-D559-4F43-BD34-3A74C582098F}.Release|Any CPU.Build.0 = Release|Any CPU
		{EDB556BD-8079-43C5-A434-66DFCF4A98D3}.Debug|Any CPU.ActiveCfg = Debug|Any CPU
		{EDB556BD-8079-43C5-A434-66DFCF4A98D3}.Debug|Any CPU.Build.0 = Debug|Any CPU
		{EDB556BD-8079-43C5-A434-66DFCF4A98D3}.Release|Any CPU.ActiveCfg = Release|Any CPU
		{EDB556BD-8079-43C5-A434-66DFCF4A98D3}.Release|Any CPU.Build.0 = Release|Any CPU
		{4EEA7458-CCD4-4011-8000-BFAAE0A37095}.Debug|Any CPU.ActiveCfg = Debug|Any CPU
		{4EEA7458-CCD4-4011-8000-BFAAE0A37095}.Debug|Any CPU.Build.0 = Debug|Any CPU
		{4EEA7458-CCD4-4011-8000-BFAAE0A37095}.Release|Any CPU.ActiveCfg = Release|Any CPU
		{4EEA7458-CCD4-4011-8000-BFAAE0A37095}.Release|Any CPU.Build.0 = Release|Any CPU
		{54CE70D7-8DA8-4C41-B0F5-4C6AF09F69CE}.Debug|Any CPU.ActiveCfg = Debug|Any CPU
		{54CE70D7-8DA8-4C41-B0F5-4C6AF09F69CE}.Debug|Any CPU.Build.0 = Debug|Any CPU
		{54CE70D7-8DA8-4C41-B0F5-4C6AF09F69CE}.Release|Any CPU.ActiveCfg = Release|Any CPU
		{54CE70D7-8DA8-4C41-B0F5-4C6AF09F69CE}.Release|Any CPU.Build.0 = Release|Any CPU
		{E43645D6-50EF-488F-96E3-46044E4E709F}.Debug|Any CPU.ActiveCfg = Debug|Any CPU
		{E43645D6-50EF-488F-96E3-46044E4E709F}.Debug|Any CPU.Build.0 = Debug|Any CPU
		{E43645D6-50EF-488F-96E3-46044E4E709F}.Release|Any CPU.ActiveCfg = Release|Any CPU
		{E43645D6-50EF-488F-96E3-46044E4E709F}.Release|Any CPU.Build.0 = Release|Any CPU
		{323BB542-925D-454F-9699-496D22D2D19F}.Debug|Any CPU.ActiveCfg = Debug|Any CPU
		{323BB542-925D-454F-9699-496D22D2D19F}.Debug|Any CPU.Build.0 = Debug|Any CPU
		{323BB542-925D-454F-9699-496D22D2D19F}.Release|Any CPU.ActiveCfg = Release|Any CPU
		{323BB542-925D-454F-9699-496D22D2D19F}.Release|Any CPU.Build.0 = Release|Any CPU
		{C15EB8A0-FF20-4D0F-86E6-EAF5FD4C71CB}.Debug|Any CPU.ActiveCfg = Debug|Any CPU
		{C15EB8A0-FF20-4D0F-86E6-EAF5FD4C71CB}.Debug|Any CPU.Build.0 = Debug|Any CPU
		{C15EB8A0-FF20-4D0F-86E6-EAF5FD4C71CB}.Release|Any CPU.ActiveCfg = Release|Any CPU
		{C15EB8A0-FF20-4D0F-86E6-EAF5FD4C71CB}.Release|Any CPU.Build.0 = Release|Any CPU
		{600541B3-9040-4D7F-AEBE-9363CE35DDB8}.Debug|Any CPU.ActiveCfg = Debug|Any CPU
		{600541B3-9040-4D7F-AEBE-9363CE35DDB8}.Debug|Any CPU.Build.0 = Debug|Any CPU
		{600541B3-9040-4D7F-AEBE-9363CE35DDB8}.Release|Any CPU.ActiveCfg = Release|Any CPU
		{600541B3-9040-4D7F-AEBE-9363CE35DDB8}.Release|Any CPU.Build.0 = Release|Any CPU
		{7BA1F217-E1EE-4272-B9F5-3DB0710E1C7F}.Debug|Any CPU.ActiveCfg = Debug|Any CPU
		{7BA1F217-E1EE-4272-B9F5-3DB0710E1C7F}.Debug|Any CPU.Build.0 = Debug|Any CPU
		{7BA1F217-E1EE-4272-B9F5-3DB0710E1C7F}.Release|Any CPU.ActiveCfg = Release|Any CPU
		{7BA1F217-E1EE-4272-B9F5-3DB0710E1C7F}.Release|Any CPU.Build.0 = Release|Any CPU
		{A0947C99-D0BE-40A3-BE8D-DC3468578045}.Debug|Any CPU.ActiveCfg = Debug|Any CPU
		{A0947C99-D0BE-40A3-BE8D-DC3468578045}.Debug|Any CPU.Build.0 = Debug|Any CPU
		{A0947C99-D0BE-40A3-BE8D-DC3468578045}.Release|Any CPU.ActiveCfg = Release|Any CPU
		{A0947C99-D0BE-40A3-BE8D-DC3468578045}.Release|Any CPU.Build.0 = Release|Any CPU
		{3A6BC386-9289-4F73-A3CC-E3614519243C}.Debug|Any CPU.ActiveCfg = Debug|Any CPU
		{3A6BC386-9289-4F73-A3CC-E3614519243C}.Debug|Any CPU.Build.0 = Debug|Any CPU
		{3A6BC386-9289-4F73-A3CC-E3614519243C}.Release|Any CPU.ActiveCfg = Release|Any CPU
		{3A6BC386-9289-4F73-A3CC-E3614519243C}.Release|Any CPU.Build.0 = Release|Any CPU
	EndGlobalSection
	GlobalSection(SolutionProperties) = preSolution
		HideSolutionNode = FALSE
	EndGlobalSection
	GlobalSection(NestedProjects) = preSolution
		{A687A406-44CF-4C71-8AF3-B86F1B4CD134} = {81301E57-76B0-4F36-9E6B-40D4D2178DAA}
		{C17F749E-217D-48CE-8C42-F9A1A3EB2250} = {81301E57-76B0-4F36-9E6B-40D4D2178DAA}
		{4FA79626-1C3E-4456-8CEA-6192E3CD2414} = {C17F749E-217D-48CE-8C42-F9A1A3EB2250}
		{30A5144C-82F4-4ED0-B6E3-50A7675261D0} = {81301E57-76B0-4F36-9E6B-40D4D2178DAA}
		{E8C80EFD-7F01-4C0B-8C30-7F1FF3749299} = {81301E57-76B0-4F36-9E6B-40D4D2178DAA}
		{CFAE851F-E682-4A0F-9C89-42F890184CFE} = {81301E57-76B0-4F36-9E6B-40D4D2178DAA}
		{7F1A367C-E3EF-4446-9266-A2E57D142145} = {CFAE851F-E682-4A0F-9C89-42F890184CFE}
		{E63B73F7-8BEA-4F28-88ED-CC1A71ADD2F7} = {81301E57-76B0-4F36-9E6B-40D4D2178DAA}
		{0357D472-1351-40F5-996F-2AB721A3DD67} = {81301E57-76B0-4F36-9E6B-40D4D2178DAA}
		{B3F5187B-F13C-46B6-AD6A-419D9882D2A8} = {81301E57-76B0-4F36-9E6B-40D4D2178DAA}
		{E9D06D23-1048-4006-B0AF-DE2E7C848D1F} = {A687A406-44CF-4C71-8AF3-B86F1B4CD134}
		{DB2F1F8E-1A46-4FF8-A12A-5223DF13EA5B} = {A687A406-44CF-4C71-8AF3-B86F1B4CD134}
		{2480E87D-FAF6-47A1-A3A9-06A3AE84BC93} = {A687A406-44CF-4C71-8AF3-B86F1B4CD134}
		{2EDF5A1A-97C0-4DFB-A9F1-EF901478405C} = {A687A406-44CF-4C71-8AF3-B86F1B4CD134}
		{E58C4F27-17EC-4183-9B29-1ECD75E34D70} = {A687A406-44CF-4C71-8AF3-B86F1B4CD134}
		{310B7D8B-3A69-4D3C-A8FA-0AA98DAF1931} = {4FA79626-1C3E-4456-8CEA-6192E3CD2414}
		{9F7656B2-40F4-42B7-849D-10AC8AFFC59D} = {4FA79626-1C3E-4456-8CEA-6192E3CD2414}
		{E7149343-1930-4AD1-AFB3-5A237B444DAC} = {4FA79626-1C3E-4456-8CEA-6192E3CD2414}
		{24CFEFE9-DFAB-4B91-8595-EA898152B5A0} = {C17F749E-217D-48CE-8C42-F9A1A3EB2250}
		{0A0BB691-6971-4EE5-AACD-9FCC142CFB48} = {C17F749E-217D-48CE-8C42-F9A1A3EB2250}
		{C1441546-7427-4781-A7AE-DBC88EDA4358} = {C17F749E-217D-48CE-8C42-F9A1A3EB2250}
		{5AEF741C-C354-4C4F-8366-A43521A91281} = {30A5144C-82F4-4ED0-B6E3-50A7675261D0}
		{9320962B-FF0D-4E6D-9E31-BF225D3AB2CE} = {E8C80EFD-7F01-4C0B-8C30-7F1FF3749299}
		{EE100AC5-4241-4ADA-BEBB-630C4AD663D5} = {CFAE851F-E682-4A0F-9C89-42F890184CFE}
		{0C2F3CA6-9527-4473-9D85-56CBC065DF1C} = {CFAE851F-E682-4A0F-9C89-42F890184CFE}
		{3E3F9D90-9DC7-42E0-BF49-C4DFCD579FC5} = {CFAE851F-E682-4A0F-9C89-42F890184CFE}
		{C71CE222-BCA0-46C3-973C-5835627EE628} = {CFAE851F-E682-4A0F-9C89-42F890184CFE}
		{6BE6AEA0-D559-4F43-BD34-3A74C582098F} = {CFAE851F-E682-4A0F-9C89-42F890184CFE}
		{EDB556BD-8079-43C5-A434-66DFCF4A98D3} = {7F1A367C-E3EF-4446-9266-A2E57D142145}
		{4EEA7458-CCD4-4011-8000-BFAAE0A37095} = {E63B73F7-8BEA-4F28-88ED-CC1A71ADD2F7}
		{54CE70D7-8DA8-4C41-B0F5-4C6AF09F69CE} = {0357D472-1351-40F5-996F-2AB721A3DD67}
		{E43645D6-50EF-488F-96E3-46044E4E709F} = {0357D472-1351-40F5-996F-2AB721A3DD67}
		{323BB542-925D-454F-9699-496D22D2D19F} = {0357D472-1351-40F5-996F-2AB721A3DD67}
		{C15EB8A0-FF20-4D0F-86E6-EAF5FD4C71CB} = {0357D472-1351-40F5-996F-2AB721A3DD67}
		{600541B3-9040-4D7F-AEBE-9363CE35DDB8} = {0357D472-1351-40F5-996F-2AB721A3DD67}
		{7BA1F217-E1EE-4272-B9F5-3DB0710E1C7F} = {B3F5187B-F13C-46B6-AD6A-419D9882D2A8}
		{A0947C99-D0BE-40A3-BE8D-DC3468578045} = {B3F5187B-F13C-46B6-AD6A-419D9882D2A8}
		{3A6BC386-9289-4F73-A3CC-E3614519243C} = {81301E57-76B0-4F36-9E6B-40D4D2178DAA}
	EndGlobalSection
	GlobalSection(ExtensibilityGlobals) = postSolution
		SolutionGuid = {BCF95480-3161-4A6E-8D53-0CDB136CA641}
	EndGlobalSection
EndGlobal
