
Microsoft Visual Studio Solution File, Format Version 12.00
# Visual Studio Version 16
VisualStudioVersion = 16.0.28803.202
MinimumVisualStudioVersion = 10.0.40219.1
Project("{FAE04EC0-301F-11D3-BF4B-00C04F79EFBC}") = "LayoutWithStackPanel", "LayoutWithStackPanel\LayoutWithStackPanel.csproj", "{C15EB8A0-FF20-4D0F-86E6-EAF5FD4C71CB}"
EndProject
Global
	GlobalSection(SolutionConfigurationPlatforms) = preSolution
		Debug|Any CPU = Debug|Any CPU
		Release|Any CPU = Release|Any CPU
	EndGlobalSection
	GlobalSection(ProjectConfigurationPlatforms) = postSolution
		{C15EB8A0-FF20-4D0F-86E6-EAF5FD4C71CB}.Debug|Any CPU.ActiveCfg = Debug|Any CPU
		{C15EB8A0-FF20-4D0F-86E6-EAF5FD4C71CB}.Debug|Any CPU.Build.0 = Debug|Any CPU
		{C15EB8A0-FF20-4D0F-86E6-EAF5FD4C71CB}.Release|Any CPU.ActiveCfg = Release|Any CPU
		{C15EB8A0-FF20-4D0F-86E6-EAF5FD4C71CB}.Release|Any CPU.Build.0 = Release|Any CPU
	EndGlobalSection
	GlobalSection(SolutionProperties) = preSolution
		HideSolutionNode = FALSE
	EndGlobalSection
	GlobalSection(ExtensibilityGlobals) = postSolution
		SolutionGuid = {DE224C0A-D1EB-443F-8C27-F51660EC2B71}
	EndGlobalSection
EndGlobal
