
Microsoft Visual Studio Solution File, Format Version 12.00
# Visual Studio Version 16
VisualStudioVersion = 16.0.28803.202
MinimumVisualStudioVersion = 10.0.40219.1
Project("{FAE04EC0-301F-11D3-BF4B-00C04F79EFBC}") = "DataBindingOneWay", "DataBindingOneWay\DataBindingOneWay.csproj", "{0C2F3CA6-9527-4473-9D85-56CBC065DF1C}"
EndProject
Global
	GlobalSection(SolutionConfigurationPlatforms) = preSolution
		Debug|Any CPU = Debug|Any CPU
		Release|Any CPU = Release|Any CPU
	EndGlobalSection
	GlobalSection(ProjectConfigurationPlatforms) = postSolution
		{0C2F3CA6-9527-4473-9D85-56CBC065DF1C}.Debug|Any CPU.ActiveCfg = Debug|Any CPU
		{0C2F3CA6-9527-4473-9D85-56CBC065DF1C}.Debug|Any CPU.Build.0 = Debug|Any CPU
		{0C2F3CA6-9527-4473-9D85-56CBC065DF1C}.Release|Any CPU.ActiveCfg = Release|Any CPU
		{0C2F3CA6-9527-4473-9D85-56CBC065DF1C}.Release|Any CPU.Build.0 = Release|Any CPU
	EndGlobalSection
	GlobalSection(SolutionProperties) = preSolution
		HideSolutionNode = FALSE
	EndGlobalSection
	GlobalSection(ExtensibilityGlobals) = postSolution
		SolutionGuid = {4C387685-60C6-44C5-A0DE-34A8D8B3A858}
	EndGlobalSection
EndGlobal
