
Microsoft Visual Studio Solution File, Format Version 12.00
# Visual Studio Version 16
VisualStudioVersion = 16.0.28803.352
MinimumVisualStudioVersion = 10.0.40219.1
Project("{FAE04EC0-301F-11D3-BF4B-00C04F79EFBC}") = "DataGrid", "DataGrid\DataGrid.csproj", "{E9D06D23-1048-4006-B0AF-DE2E7C848D1F}"
EndProject
Global
	GlobalSection(SolutionConfigurationPlatforms) = preSolution
		Debug|Any CPU = Debug|Any CPU
		Release|Any CPU = Release|Any CPU
	EndGlobalSection
	GlobalSection(ProjectConfigurationPlatforms) = postSolution
		{E9D06D23-1048-4006-B0AF-DE2E7C848D1F}.Debug|Any CPU.ActiveCfg = Debug|Any CPU
		{E9D06D23-1048-4006-B0AF-DE2E7C848D1F}.Debug|Any CPU.Build.0 = Debug|Any CPU
		{E9D06D23-1048-4006-B0AF-DE2E7C848D1F}.Release|Any CPU.ActiveCfg = Release|Any CPU
		{E9D06D23-1048-4006-B0AF-DE2E7C848D1F}.Release|Any CPU.Build.0 = Release|Any CPU
	EndGlobalSection
	GlobalSection(SolutionProperties) = preSolution
		HideSolutionNode = FALSE
	EndGlobalSection
	GlobalSection(ExtensibilityGlobals) = postSolution
		SolutionGuid = {AA812E9F-D3CA-42D5-B328-875A5F097D75}
	EndGlobalSection
EndGlobal
