
Microsoft Visual Studio Solution File, Format Version 12.00
# Visual Studio Version 16
VisualStudioVersion = 16.0.28803.352
MinimumVisualStudioVersion = 10.0.40219.1
Project("{FAE04EC0-301F-11D3-BF4B-00C04F79EFBC}") = "ElementBindingDemo", "ElementBindingDemo\ElementBindingDemo.csproj", "{6BE6AEA0-D559-4F43-BD34-3A74C582098F}"
EndProject
Global
	GlobalSection(SolutionConfigurationPlatforms) = preSolution
		Debug|Any CPU = Debug|Any CPU
		Release|Any CPU = Release|Any CPU
	EndGlobalSection
	GlobalSection(ProjectConfigurationPlatforms) = postSolution
		{6BE6AEA0-D559-4F43-BD34-3A74C582098F}.Debug|Any CPU.ActiveCfg = Debug|Any CPU
		{6BE6AEA0-D559-4F43-BD34-3A74C582098F}.Debug|Any CPU.Build.0 = Debug|Any CPU
		{6BE6AEA0-D559-4F43-BD34-3A74C582098F}.Release|Any CPU.ActiveCfg = Release|Any CPU
		{6BE6AEA0-D559-4F43-BD34-3A74C582098F}.Release|Any CPU.Build.0 = Release|Any CPU
	EndGlobalSection
	GlobalSection(SolutionProperties) = preSolution
		HideSolutionNode = FALSE
	EndGlobalSection
	GlobalSection(ExtensibilityGlobals) = postSolution
		SolutionGuid = {533E6BD7-189D-4471-A788-3010F667358A}
	EndGlobalSection
EndGlobal
